{
  "nodes": {
    "disko": {
      "inputs": {
        "nixpkgs": [
          "nixpkgs"
        ]
      },
      "locked": {
        "lastModified": 1789770686,
        "narHash": "sha256-uZkBR7yHdIKUFB5SZdfgh1qkGfI3XmYmI/lTiquxbck=",
        "owner": "nix-community",
        "repo": "disko",
        "rev": "725ea35e410ad83be4931d1bff7e090eacaf3563",
        "type": "github"
      },
      "original": {
        "owner": "nix-community",
        "repo": "disko",
        "type": "github"
      }
    },
    "nixpkgs": {
      "locked": {
        "lastModified": 1790533781,
        "narHash": "sha256-F+b8u43BVF5DlM0pz7JQSbtbwKy5PrHIT5zQUekXsD0=",
        "owner": "NixOS",
        "repo": "nixpkgs",
        "rev": "cf5e76507c6e23b59f7e0ffcc7baa2a39ddd8442",
        "type": "github"
      },
      "original": {
        "owner": "NixOS",
        "ref": "nixos-26.05",
        "repo": "nixpkgs",
        "type": "github"
      }
    },
    "nixpkgs-unstable": {
      "locked": {
        "lastModified": 1790578696,
        "narHash": "sha256-ZoxIApko70jCdbH3l20HWXOBaT2HZd87orzd2yJ9dVE=",
        "owner": "NixOS",
        "repo": "nixpkgs",
        "rev": "7a0f122f5090cf4c2ade2a13a0e229d4e19ba71f",
        "type": "github"
      },
      "original": {
        "owner": "NixOS",
        "ref": "nixos-unstable",
        "repo": "nixpkgs",
        "type": "github"
      }
    },
    "root": {
      "inputs": {
        "disko": "disko",
        "nixpkgs": "nixpkgs",
        "nixpkgs-unstable": "nixpkgs-unstable"
      }
    }
  },
  "root": "root",
  "version": 7
}
